{
  "name": "ng-infinite-calendar",
  "version": "0.2.0",
  "lockfileVersion": 1,
  "requires": true,
  "dependencies": {
    "extdate": {
      "version": "0.3.5",
      "resolved": "https://registry.npmjs.org/extdate/-/extdate-0.3.5.tgz",
      "integrity": "sha512-FTFa1xJkGTAq7h5a4LioZiLs4saAVmm4pawAMqxih0E+9Cxj+DftAwzc/fsLgMgTDAw60f74gjLWDBpiTTACnA==",
      "dev": true
    }
  }
}
